
Microsoft Visual Studio Solution File, Format Version 12.00
# Visual Studio Version 16
VisualStudioVersion = 16.0.31729.503
MinimumVisualStudioVersion = 10.0.40219.1
Project("{9A19103F-16F7-4668-BE54-9A1E7A4F7556}") = "FileWatcherService", "FileWatcherService\FileWatcherService.csproj", "{B0B5A689-423E-4AA6-9EFD-5CB2DA1F1D8B}"
EndProject
Project("{9A19103F-16F7-4668-BE54-9A1E7A4F7556}") = "WebAPI", "WebAPI\WebAPI.csproj", "{7BE616B6-8709-4B65-8E6C-42363C5C0F60}"
EndProject
Project("{9A19103F-16F7-4668-BE54-9A1E7A4F7556}") = "Entity", "Entity\Entity.csproj", "{3376B16E-2654-4041-9C02-7C15F79D902A}"
EndProject
Project("{9A19103F-16F7-4668-BE54-9A1E7A4F7556}") = "DataAccess", "DataAccess\DataAccess.csproj", "{B0F36C57-F496-4621-B70E-F03EDD2F1776}"
EndProject
Project("{9A19103F-16F7-4668-BE54-9A1E7A4F7556}") = "Core", "Core\Core.csproj", "{A0DD963D-AEE4-41DF-958F-8DD2173DF252}"
EndProject
Project("{9A19103F-16F7-4668-BE54-9A1E7A4F7556}") = "Business", "Business\Business.csproj", "{83686B0B-4059-4DBF-B267-634D4E0AABAC}"
EndProject
Project("{FAE04EC0-301F-11D3-BF4B-00C04F79EFBC}") = "WatcherService", "WatcherService\WatcherService.csproj", "{06286BF7-18C5-4B97-9CCE-8982737509C4}"
EndProject
Global
	GlobalSection(SolutionConfigurationPlatforms) = preSolution
		Debug|Any CPU = Debug|Any CPU
		Release|Any CPU = Release|Any CPU
	EndGlobalSection
	GlobalSection(ProjectConfigurationPlatforms) = postSolution
		{B0B5A689-423E-4AA6-9EFD-5CB2DA1F1D8B}.Debug|Any CPU.ActiveCfg = Debug|Any CPU
		{B0B5A689-423E-4AA6-9EFD-5CB2DA1F1D8B}.Debug|Any CPU.Build.0 = Debug|Any CPU
		{B0B5A689-423E-4AA6-9EFD-5CB2DA1F1D8B}.Release|Any CPU.ActiveCfg = Release|Any CPU
		{B0B5A689-423E-4AA6-9EFD-5CB2DA1F1D8B}.Release|Any CPU.Build.0 = Release|Any CPU
		{7BE616B6-8709-4B65-8E6C-42363C5C0F60}.Debug|Any CPU.ActiveCfg = Debug|Any CPU
		{7BE616B6-8709-4B65-8E6C-42363C5C0F60}.Debug|Any CPU.Build.0 = Debug|Any CPU
		{7BE616B6-8709-4B65-8E6C-42363C5C0F60}.Release|Any CPU.ActiveCfg = Release|Any CPU
		{7BE616B6-8709-4B65-8E6C-42363C5C0F60}.Release|Any CPU.Build.0 = Release|Any CPU
		{3376B16E-2654-4041-9C02-7C15F79D902A}.Debug|Any CPU.ActiveCfg = Debug|Any CPU
		{3376B16E-2654-4041-9C02-7C15F79D902A}.Debug|Any CPU.Build.0 = Debug|Any CPU
		{3376B16E-2654-4041-9C02-7C15F79D902A}.Release|Any CPU.ActiveCfg = Release|Any CPU
		{3376B16E-2654-4041-9C02-7C15F79D902A}.Release|Any CPU.Build.0 = Release|Any CPU
		{B0F36C57-F496-4621-B70E-F03EDD2F1776}.Debug|Any CPU.ActiveCfg = Debug|Any CPU
		{B0F36C57-F496-4621-B70E-F03EDD2F1776}.Debug|Any CPU.Build.0 = Debug|Any CPU
		{B0F36C57-F496-4621-B70E-F03EDD2F1776}.Release|Any CPU.ActiveCfg = Release|Any CPU
		{B0F36C57-F496-4621-B70E-F03EDD2F1776}.Release|Any CPU.Build.0 = Release|Any CPU
		{A0DD963D-AEE4-41DF-958F-8DD2173DF252}.Debug|Any CPU.ActiveCfg = Debug|Any CPU
		{A0DD963D-AEE4-41DF-958F-8DD2173DF252}.Debug|Any CPU.Build.0 = Debug|Any CPU
		{A0DD963D-AEE4-41DF-958F-8DD2173DF252}.Release|Any CPU.ActiveCfg = Release|Any CPU
		{A0DD963D-AEE4-41DF-958F-8DD2173DF252}.Release|Any CPU.Build.0 = Release|Any CPU
		{83686B0B-4059-4DBF-B267-634D4E0AABAC}.Debug|Any CPU.ActiveCfg = Debug|Any CPU
		{83686B0B-4059-4DBF-B267-634D4E0AABAC}.Debug|Any CPU.Build.0 = Debug|Any CPU
		{83686B0B-4059-4DBF-B267-634D4E0AABAC}.Release|Any CPU.ActiveCfg = Release|Any CPU
		{83686B0B-4059-4DBF-B267-634D4E0AABAC}.Release|Any CPU.Build.0 = Release|Any CPU
		{06286BF7-18C5-4B97-9CCE-8982737509C4}.Debug|Any CPU.ActiveCfg = Debug|Any CPU
		{06286BF7-18C5-4B97-9CCE-8982737509C4}.Debug|Any CPU.Build.0 = Debug|Any CPU
		{06286BF7-18C5-4B97-9CCE-8982737509C4}.Release|Any CPU.ActiveCfg = Release|Any CPU
		{06286BF7-18C5-4B97-9CCE-8982737509C4}.Release|Any CPU.Build.0 = Release|Any CPU
	EndGlobalSection
	GlobalSection(SolutionProperties) = preSolution
		HideSolutionNode = FALSE
	EndGlobalSection
	GlobalSection(ExtensibilityGlobals) = postSolution
		SolutionGuid = {54308804-727B-41CC-A87D-9D955A062F29}
	EndGlobalSection
EndGlobal
